<?xml version="1.0" encoding="UTF-8" standalone="yes" ?>
<CodeBlocks_project_file>
	<FileVersion major="1" minor="6" />
	<Project>
		<Option title="CS246---final-project" />
		<Option pch_mode="2" />
		<Option compiler="gcc" />
		<Build>
			<Target title="Debug">
				<Option output="bin/Debug/CS246---final-project" prefix_auto="1" extension_auto="1" />
				<Option object_output="obj/Debug/" />
				<Option type="1" />
				<Option compiler="gcc" />
				<Compiler>
					<Add option="-g" />
				</Compiler>
			</Target>
			<Target title="Release">
				<Option output="bin/Release/CS246---final-project" prefix_auto="1" extension_auto="1" />
				<Option object_output="obj/Release/" />
				<Option type="1" />
				<Option compiler="gcc" />
				<Compiler>
					<Add option="-O2" />
				</Compiler>
				<Linker>
					<Add option="-s" />
				</Linker>
			</Target>
		</Build>
		<Compiler>
			<Add option="-Wall" />
		</Compiler>
		<Unit filename="include/Ability.h" />
		<Unit filename="include/ActiveAbility.h" />
		<Unit filename="include/BasicEnchantment.h" />
		<Unit filename="include/Board.h" />
		<Unit filename="include/Card.h" />
		<Unit filename="include/Enchantment.h" />
		<Unit filename="include/Face.h" />
		<Unit filename="include/Minion.h" />
		<Unit filename="include/Player.h" />
		<Unit filename="include/Ritual.h" />
		<Unit filename="include/Spell.h" />
		<Unit filename="include/TriggeredAbility.h" />
		<Unit filename="include/Unit.h" />
		<Unit filename="src/Ability.cc" />
		<Unit filename="src/ActiveAbility.cc" />
		<Unit filename="src/BasicEnchantment.cc" />
		<Unit filename="src/Board.cc" />
		<Unit filename="src/Card.cc" />
		<Unit filename="src/Enchantment.cc" />
		<Unit filename="src/Face.cc" />
		<Unit filename="src/Minion.cc" />
		<Unit filename="src/Player.cc" />
		<Unit filename="src/Ritual.cc" />
		<Unit filename="src/Spell.cc" />
		<Unit filename="src/TriggeredAbility.cc" />
		<Unit filename="src/Unit.cc" />
		<Extensions>
			<code_completion />
			<envvars />
			<debugger />
		</Extensions>
	</Project>
</CodeBlocks_project_file>
